
Microsoft Visual Studio Solution File, Format Version 12.00
# Visual Studio Version 16
VisualStudioVersion = 16.0.31129.286
MinimumVisualStudioVersion = 10.0.40219.1
Project("{FAE04EC0-301F-11D3-BF4B-00C04F79EFBC}") = "Elmduino Emulator", "Elmduino Emulator\Elmduino Emulator.csproj", "{C6F9F4A1-6FF2-40A3-B634-ED91DED533BF}"
EndProject
Project("{FAE04EC0-301F-11D3-BF4B-00C04F79EFBC}") = "Elmduino Emulator Tests", "Elmduino Emulator Tests\Elmduino Emulator Tests.csproj", "{CE38B038-3179-4229-B80B-C2C6D2BF4D4A}"
EndProject
Global
	GlobalSection(SolutionConfigurationPlatforms) = preSolution
		Debug|Any CPU = Debug|Any CPU
		Release|Any CPU = Release|Any CPU
	EndGlobalSection
	GlobalSection(ProjectConfigurationPlatforms) = postSolution
		{C6F9F4A1-6FF2-40A3-B634-ED91DED533BF}.Debug|Any CPU.ActiveCfg = Debug|Any CPU
		{C6F9F4A1-6FF2-40A3-B634-ED91DED533BF}.Debug|Any CPU.Build.0 = Debug|Any CPU
		{C6F9F4A1-6FF2-40A3-B634-ED91DED533BF}.Release|Any CPU.ActiveCfg = Release|Any CPU
		{C6F9F4A1-6FF2-40A3-B634-ED91DED533BF}.Release|Any CPU.Build.0 = Release|Any CPU
		{CE38B038-3179-4229-B80B-C2C6D2BF4D4A}.Debug|Any CPU.ActiveCfg = Debug|Any CPU
		{CE38B038-3179-4229-B80B-C2C6D2BF4D4A}.Debug|Any CPU.Build.0 = Debug|Any CPU
		{CE38B038-3179-4229-B80B-C2C6D2BF4D4A}.Release|Any CPU.ActiveCfg = Release|Any CPU
		{CE38B038-3179-4229-B80B-C2C6D2BF4D4A}.Release|Any CPU.Build.0 = Release|Any CPU
	EndGlobalSection
	GlobalSection(SolutionProperties) = preSolution
		HideSolutionNode = FALSE
	EndGlobalSection
	GlobalSection(ExtensibilityGlobals) = postSolution
		SolutionGuid = {143CCA50-14A2-403D-9078-3A4AFF75D804}
	EndGlobalSection
EndGlobal
